
Microsoft Visual Studio Solution File, Format Version 12.00
Project("{FAE04EC0-301F-11D3-BF4B-00C04F79EFBC}") = "StasTest", "StasTest\StasTest.csproj", "{6E114BD7-0D30-4B06-91D2-DB1C9FB38AB6}"
EndProject
Global
	GlobalSection(SolutionConfigurationPlatforms) = preSolution
		Debug|Any CPU = Debug|Any CPU
		Release|Any CPU = Release|Any CPU
	EndGlobalSection
	GlobalSection(ProjectConfigurationPlatforms) = postSolution
		{6E114BD7-0D30-4B06-91D2-DB1C9FB38AB6}.Debug|Any CPU.ActiveCfg = Debug|Any CPU
		{6E114BD7-0D30-4B06-91D2-DB1C9FB38AB6}.Debug|Any CPU.Build.0 = Debug|Any CPU
		{6E114BD7-0D30-4B06-91D2-DB1C9FB38AB6}.Release|Any CPU.ActiveCfg = Release|Any CPU
		{6E114BD7-0D30-4B06-91D2-DB1C9FB38AB6}.Release|Any CPU.Build.0 = Release|Any CPU
	EndGlobalSection
EndGlobal
